
Microsoft Visual Studio Solution File, Format Version 12.00
# Visual Studio Version 17
VisualStudioVersion = 17.6.33815.320
MinimumVisualStudioVersion = 10.0.40219.1
Project("{FAE04EC0-301F-11D3-BF4B-00C04F79EFBC}") = "RedisExampleApp.API", "RedisExampleApp.API\RedisExampleApp.API.csproj", "{847CD0CD-434C-4651-91CA-E81667D008EF}"
EndProject
Global
	GlobalSection(SolutionConfigurationPlatforms) = preSolution
		Debug|Any CPU = Debug|Any CPU
		Release|Any CPU = Release|Any CPU
	EndGlobalSection
	GlobalSection(ProjectConfigurationPlatforms) = postSolution
		{847CD0CD-434C-4651-91CA-E81667D008EF}.Debug|Any CPU.ActiveCfg = Debug|Any CPU
		{847CD0CD-434C-4651-91CA-E81667D008EF}.Debug|Any CPU.Build.0 = Debug|Any CPU
		{847CD0CD-434C-4651-91CA-E81667D008EF}.Release|Any CPU.ActiveCfg = Release|Any CPU
		{847CD0CD-434C-4651-91CA-E81667D008EF}.Release|Any CPU.Build.0 = Release|Any CPU
	EndGlobalSection
	GlobalSection(SolutionProperties) = preSolution
		HideSolutionNode = FALSE
	EndGlobalSection
	GlobalSection(ExtensibilityGlobals) = postSolution
		SolutionGuid = {E4C12EF8-D886-411A-87D9-EA8382F3F866}
	EndGlobalSection
EndGlobal
